{
  "name": "go-bricks-demo-loadtests",
  "version": "1.0.0",
  "lockfileVersion": 3,
  "requires": true,
  "packages": {
    "": {
      "name": "go-bricks-demo-loadtests",
      "version": "1.0.0",
      "devDependencies": {
        "@types/k6": "^0.52.0",
        "typescript": "^5.3.0"
      },
      "engines": {
        "node": ">=16.0.0"
      }
    },
    "node_modules/@types/k6": {
      "version": "0.52.0",
      "resolved": "https://registry.npmjs.org/@types/k6/-/k6-0.52.0.tgz",
      "integrity": "sha512-yaw2wg61nKQtToDML+nngzgXVjZ6wNA4R0Q3jKDTeadG5EqfZgis5a1Q2hwY7kjuGuXmu8eM6gHg3tgnOj4vNw==",
      "dev": true,
      "license": "MIT"
    },
    "node_modules/typescript": {
      "version": "5.9.3",
      "resolved": "https://registry.npmjs.org/typescript/-/typescript-5.9.3.tgz",
      "integrity": "sha512-jl1vZzPDinLr9eUt3J/t7V6FgNEw9QjvBPdysz9KfQDD41fQrC2Y4vKQdiaUpFT4bXlb1RHhLpp8wtm6M5TgSw==",
      "dev": true,
      "license": "Apache-2.0",
      "bin": {
        "tsc": "bin/tsc",
        "tsserver": "bin/tsserver"
      },
      "engines": {
        "node": ">=14.17"
      }
    }
  }
}
